
Microsoft Visual Studio Solution File, Format Version 12.00
# Visual Studio 15
VisualStudioVersion = 15.0.27703.2047
MinimumVisualStudioVersion = 10.0.40219.1
Project("{FAE04EC0-301F-11D3-BF4B-00C04F79EFBC}") = "Website_BHDT(BTL_CNWEB)", "Website_BHDT(BTL_CNWEB)\Website_BHDT(BTL_CNWEB).csproj", "{A7E533D0-53D1-4691-A93C-92DDD0A5E904}"
EndProject
Global
	GlobalSection(SolutionConfigurationPlatforms) = preSolution
		Debug|Any CPU = Debug|Any CPU
		Release|Any CPU = Release|Any CPU
	EndGlobalSection
	GlobalSection(ProjectConfigurationPlatforms) = postSolution
		{A7E533D0-53D1-4691-A93C-92DDD0A5E904}.Debug|Any CPU.ActiveCfg = Debug|Any CPU
		{A7E533D0-53D1-4691-A93C-92DDD0A5E904}.Debug|Any CPU.Build.0 = Debug|Any CPU
		{A7E533D0-53D1-4691-A93C-92DDD0A5E904}.Release|Any CPU.ActiveCfg = Release|Any CPU
		{A7E533D0-53D1-4691-A93C-92DDD0A5E904}.Release|Any CPU.Build.0 = Release|Any CPU
	EndGlobalSection
	GlobalSection(SolutionProperties) = preSolution
		HideSolutionNode = FALSE
	EndGlobalSection
	GlobalSection(ExtensibilityGlobals) = postSolution
		SolutionGuid = {825B7E71-3ADC-43FF-85CA-1A4EB316832A}
	EndGlobalSection
EndGlobal
